
Microsoft Visual Studio Solution File, Format Version 12.00
# Visual Studio Version 16
VisualStudioVersion = 16.0.30907.101
MinimumVisualStudioVersion = 10.0.40219.1
Project("{FAE04EC0-301F-11D3-BF4B-00C04F79EFBC}") = "Tip, Tax and Total", "Tip, Tax and Total\Tip, Tax and Total.csproj", "{DC288A98-8A33-4C1F-BD8A-3FAD316DA9EF}"
EndProject
Global
	GlobalSection(SolutionConfigurationPlatforms) = preSolution
		Debug|Any CPU = Debug|Any CPU
		Release|Any CPU = Release|Any CPU
	EndGlobalSection
	GlobalSection(ProjectConfigurationPlatforms) = postSolution
		{DC288A98-8A33-4C1F-BD8A-3FAD316DA9EF}.Debug|Any CPU.ActiveCfg = Debug|Any CPU
		{DC288A98-8A33-4C1F-BD8A-3FAD316DA9EF}.Debug|Any CPU.Build.0 = Debug|Any CPU
		{DC288A98-8A33-4C1F-BD8A-3FAD316DA9EF}.Release|Any CPU.ActiveCfg = Release|Any CPU
		{DC288A98-8A33-4C1F-BD8A-3FAD316DA9EF}.Release|Any CPU.Build.0 = Release|Any CPU
	EndGlobalSection
	GlobalSection(SolutionProperties) = preSolution
		HideSolutionNode = FALSE
	EndGlobalSection
	GlobalSection(ExtensibilityGlobals) = postSolution
		SolutionGuid = {B31FF384-9B70-46A9-97A3-FB7563F07B26}
	EndGlobalSection
EndGlobal
